// !$*UTF8*$!
{
	archiveVersion = 1;
	classes = {
	};
	objectVersion = 46;
	objects = {

/* Begin PBXBuildFile section */
		9349ECF719074D1C0065C95D /* Foundation.framework in Frameworks */ = {isa = PBXBuildFile; fileRef = 9349ECF619074D1C0065C95D /* Foundation.framework */; };
		9349ECF919074D1C0065C95D /* CoreGraphics.framework in Frameworks */ = {isa = PBXBuildFile; fileRef = 9349ECF819074D1C0065C95D /* CoreGraphics.framework */; };
		9349ECFB19074D1C0065C95D /* UIKit.framework in Frameworks */ = {isa = PBXBuildFile; fileRef = 9349ECFA19074D1C0065C95D /* UIKit.framework */; };
		9349ED0119074D1C0065C95D /* InfoPlist.strings in Resources */ = {isa = PBXBuildFile; fileRef = 9349ECFF19074D1C0065C95D /* InfoPlist.strings */; };
		9349ED0319074D1C0065C95D /* main.m in Sources */ = {isa = PBXBuildFile; fileRef = 9349ED0219074D1C0065C95D /* main.m */; };
		9349ED0719074D1C0065C95D /* AppDelegate.m in Sources */ = {isa = PBXBuildFile; fileRef = 9349ED0619074D1C0065C95D /* AppDelegate.m */; };
		9349ED0A19074D1C0065C95D /* Main_iPhone.storyboard in Resources */ = {isa = PBXBuildFile; fileRef = 9349ED0819074D1C0065C95D /* Main_iPhone.storyboard */; };
		9349ED0D19074D1C0065C95D /* Main_iPad.storyboard in Resources */ = {isa = PBXBuildFile; fileRef = 9349ED0B19074D1C0065C95D /* Main_iPad.storyboard */; };
		9349ED1019074D1C0065C95D /* MasterViewController.m in Sources */ = {isa = PBXBuildFile; fileRef = 9349ED0F19074D1C0065C95D /* MasterViewController.m */; };
		9349ED1319074D1C0065C95D /* DetailViewController.m in Sources */ = {isa = PBXBuildFile; fileRef = 9349ED1219074D1C0065C95D /* DetailViewController.m */; };
		9349ED1519074D1C0065C95D /* Images.xcassets in Resources */ = {isa = PBXBuildFile; fileRef = 9349ED1419074D1C0065C95D /* Images.xcassets */; };
		9349ED1C19074D1C0065C95D /* XCTest.framework in Frameworks */ = {isa = PBXBuildFile; fileRef = 9349ED1B19074D1C0065C95D /* XCTest.framework */; };
		9349ED1D19074D1C0065C95D /* Foundation.framework in Frameworks */ = {isa = PBXBuildFile; fileRef = 9349ECF619074D1C0065C95D /* Foundation.framework */; };
		9349ED1E19074D1C0065C95D /* UIKit.framework in Frameworks */ = {isa = PBXBuildFile; fileRef = 9349ECFA19074D1C0065C95D /* UIKit.framework */; };
		9349ED2619074D1C0065C95D /* InfoPlist.strings in Resources */ = {isa = PBXBuildFile; fileRef = 9349ED2419074D1C0065C95D /* InfoPlist.strings */; };
		9349ED2819074D1C0065C95D /* USStatesTests.m in Sources */ = {isa = PBXBuildFile; fileRef = 9349ED2719074D1C0065C95D /* USStatesTests.m */; };
/* End PBXBuildFile section */

/* Begin PBXContainerItemProxy section */
		9349ED1F19074D1C0065C95D /* PBXContainerItemProxy */ = {
			isa = PBXContainerItemProxy;
			containerPortal = 9349ECEB19074D1C0065C95D /* Project object */;
			proxyType = 1;
			remoteGlobalIDString = 9349ECF219074D1C0065C95D;
			remoteInfo = USStates;
		};
/* End PBXContainerItemProxy section */

/* Begin PBXFileReference section */
		9349ECF319074D1C0065C95D /* USStates.app */ = {isa = PBXFileReference; explicitFileType = wrapper.application; includeInIndex = 0; path = USStates.app; sourceTree = BUILT_PRODUCTS_DIR; };
		9349ECF619074D1C0065C95D /* Foundation.framework */ = {isa = PBXFileReference; lastKnownFileType = wrapper.framework; name = Foundation.framework; path = System/Library/Frameworks/Foundation.framework; sourceTree = SDKROOT; };
		9349ECF819074D1C0065C95D /* CoreGraphics.framework */ = {isa = PBXFileReference; lastKnownFileType = wrapper.framework; name = CoreGraphics.framework; path = System/Library/Frameworks/CoreGraphics.framework; sourceTree = SDKROOT; };
		9349ECFA19074D1C0065C95D /* UIKit.framework */ = {isa = PBXFileReference; lastKnownFileType = wrapper.framework; name = UIKit.framework; path = System/Library/Frameworks/UIKit.framework; sourceTree = SDKROOT; };
		9349ECFE19074D1C0065C95D /* USStates-Info.plist */ = {isa = PBXFileReference; lastKnownFileType = text.plist.xml; path = "USStates-Info.plist"; sourceTree = "<group>"; };
		9349ED0019074D1C0065C95D /* en */ = {isa = PBXFileReference; lastKnownFileType = text.plist.strings; name = en; path = en.lproj/InfoPlist.strings; sourceTree = "<group>"; };
		9349ED0219074D1C0065C95D /* main.m */ = {isa = PBXFileReference; lastKnownFileType = sourcecode.c.objc; path = main.m; sourceTree = "<group>"; };
		9349ED0419074D1C0065C95D /* USStates-Prefix.pch */ = {isa = PBXFileReference; lastKnownFileType = sourcecode.c.h; path = "USStates-Prefix.pch"; sourceTree = "<group>"; };
		9349ED0519074D1C0065C95D /* AppDelegate.h */ = {isa = PBXFileReference; lastKnownFileType = sourcecode.c.h; path = AppDelegate.h; sourceTree = "<group>"; };
		9349ED0619074D1C0065C95D /* AppDelegate.m */ = {isa = PBXFileReference; lastKnownFileType = sourcecode.c.objc; path = AppDelegate.m; sourceTree = "<group>"; };
		9349ED0919074D1C0065C95D /* Base */ = {isa = PBXFileReference; lastKnownFileType = file.storyboard; name = Base; path = Base.lproj/Main_iPhone.storyboard; sourceTree = "<group>"; };
		9349ED0C19074D1C0065C95D /* Base */ = {isa = PBXFileReference; lastKnownFileType = file.storyboard; name = Base; path = Base.lproj/Main_iPad.storyboard; sourceTree = "<group>"; };
		9349ED0E19074D1C0065C95D /* MasterViewController.h */ = {isa = PBXFileReference; lastKnownFileType = sourcecode.c.h; path = MasterViewController.h; sourceTree = "<group>"; };
		9349ED0F19074D1C0065C95D /* MasterViewController.m */ = {isa = PBXFileReference; lastKnownFileType = sourcecode.c.objc; path = MasterViewController.m; sourceTree = "<group>"; };
		9349ED1119074D1C0065C95D /* DetailViewController.h */ = {isa = PBXFileReference; lastKnownFileType = sourcecode.c.h; path = DetailViewController.h; sourceTree = "<group>"; };
		9349ED1219074D1C0065C95D /* DetailViewController.m */ = {isa = PBXFileReference; lastKnownFileType = sourcecode.c.objc; path = DetailViewController.m; sourceTree = "<group>"; };
		9349ED1419074D1C0065C95D /* Images.xcassets */ = {isa = PBXFileReference; lastKnownFileType = folder.assetcatalog; path = Images.xcassets; sourceTree = "<group>"; };
		9349ED1A19074D1C0065C95D /* USStatesTests.xctest */ = {isa = PBXFileReference; explicitFileType = wrapper.cfbundle; includeInIndex = 0; path = USStatesTests.xctest; sourceTree = BUILT_PRODUCTS_DIR; };
		9349ED1B19074D1C0065C95D /* XCTest.framework */ = {isa = PBXFileReference; lastKnownFileType = wrapper.framework; name = XCTest.framework; path = Library/Frameworks/XCTest.framework; sourceTree = DEVELOPER_DIR; };
		9349ED2319074D1C0065C95D /* USStatesTests-Info.plist */ = {isa = PBXFileReference; lastKnownFileType = text.plist.xml; path = "USStatesTests-Info.plist"; sourceTree = "<group>"; };
		9349ED2519074D1C0065C95D /* en */ = {isa = PBXFileReference; lastKnownFileType = text.plist.strings; name = en; path = en.lproj/InfoPlist.strings; sourceTree = "<group>"; };
		9349ED2719074D1C0065C95D /* USStatesTests.m */ = {isa = PBXFileReference; lastKnownFileType = sourcecode.c.objc; path = USStatesTests.m; sourceTree = "<group>"; };
/* End PBXFileReference section */

/* Begin PBXFrameworksBuildPhase section */
		9349ECF019074D1C0065C95D /* Frameworks */ = {
			isa = PBXFrameworksBuildPhase;
			buildActionMask = 2147483647;
			files = (
				9349ECF919074D1C0065C95D /* CoreGraphics.framework in Frameworks */,
				9349ECFB19074D1C0065C95D /* UIKit.framework in Frameworks */,
				9349ECF719074D1C0065C95D /* Foundation.framework in Frameworks */,
			);
			runOnlyForDeploymentPostprocessing = 0;
		};
		9349ED1719074D1C0065C95D /* Frameworks */ = {
			isa = PBXFrameworksBuildPhase;
			buildActionMask = 2147483647;
			files = (
				9349ED1C19074D1C0065C95D /* XCTest.framework in Frameworks */,
				9349ED1E19074D1C0065C95D /* UIKit.framework in Frameworks */,
				9349ED1D19074D1C0065C95D /* Foundation.framework in Frameworks */,
			);
			runOnlyForDeploymentPostprocessing = 0;
		};
/* End PBXFrameworksBuildPhase section */

/* Begin PBXGroup section */
		9349ECEA19074D1C0065C95D = {
			isa = PBXGroup;
			children = (
				9349ECFC19074D1C0065C95D /* USStates */,
				9349ED2119074D1C0065C95D /* USStatesTests */,
				9349ECF519074D1C0065C95D /* Frameworks */,
				9349ECF419074D1C0065C95D /* Products */,
			);
			sourceTree = "<group>";
		};
		9349ECF419074D1C0065C95D /* Products */ = {
			isa = PBXGroup;
			children = (
				9349ECF319074D1C0065C95D /* USStates.app */,
				9349ED1A19074D1C0065C95D /* USStatesTests.xctest */,
			);
			name = Products;
			sourceTree = "<group>";
		};
		9349ECF519074D1C0065C95D /* Frameworks */ = {
			isa = PBXGroup;
			children = (
				9349ECF619074D1C0065C95D /* Foundation.framework */,
				9349ECF819074D1C0065C95D /* CoreGraphics.framework */,
				9349ECFA19074D1C0065C95D /* UIKit.framework */,
				9349ED1B19074D1C0065C95D /* XCTest.framework */,
			);
			name = Frameworks;
			sourceTree = "<group>";
		};
		9349ECFC19074D1C0065C95D /* USStates */ = {
			isa = PBXGroup;
			children = (
				9349ED0519074D1C0065C95D /* AppDelegate.h */,
				9349ED0619074D1C0065C95D /* AppDelegate.m */,
				9349ED0819074D1C0065C95D /* Main_iPhone.storyboard */,
				9349ED0B19074D1C0065C95D /* Main_iPad.storyboard */,
				9349ED0E19074D1C0065C95D /* MasterViewController.h */,
				9349ED0F19074D1C0065C95D /* MasterViewController.m */,
				9349ED1119074D1C0065C95D /* DetailViewController.h */,
				9349ED1219074D1C0065C95D /* DetailViewController.m */,
				9349ED1419074D1C0065C95D /* Images.xcassets */,
				9349ECFD19074D1C0065C95D /* Supporting Files */,
			);
			path = USStates;
			sourceTree = "<group>";
		};
		9349ECFD19074D1C0065C95D /* Supporting Files */ = {
			isa = PBXGroup;
			children = (
				9349ECFE19074D1C0065C95D /* USStates-Info.plist */,
				9349ECFF19074D1C0065C95D /* InfoPlist.strings */,
				9349ED0219074D1C0065C95D /* main.m */,
				9349ED0419074D1C0065C95D /* USStates-Prefix.pch */,
			);
			name = "Supporting Files";
			sourceTree = "<group>";
		};
		9349ED2119074D1C0065C95D /* USStatesTests */ = {
			isa = PBXGroup;
			children = (
				9349ED2719074D1C0065C95D /* USStatesTests.m */,
				9349ED2219074D1C0065C95D /* Supporting Files */,
			);
			path = USStatesTests;
			sourceTree = "<group>";
		};
		9349ED2219074D1C0065C95D /* Supporting Files */ = {
			isa = PBXGroup;
			children = (
				9349ED2319074D1C0065C95D /* USStatesTests-Info.plist */,
				9349ED2419074D1C0065C95D /* InfoPlist.strings */,
			);
			name = "Supporting Files";
			sourceTree = "<group>";
		};
/* End PBXGroup section */

/* Begin PBXNativeTarget section */
		9349ECF219074D1C0065C95D /* USStates */ = {
			isa = PBXNativeTarget;
			buildConfigurationList = 9349ED2B19074D1C0065C95D /* Build configuration list for PBXNativeTarget "USStates" */;
			buildPhases = (
				9349ECEF19074D1C0065C95D /* Sources */,
				9349ECF019074D1C0065C95D /* Frameworks */,
				9349ECF119074D1C0065C95D /* Resources */,
			);
			buildRules = (
			);
			dependencies = (
			);
			name = USStates;
			productName = USStates;
			productReference = 9349ECF319074D1C0065C95D /* USStates.app */;
			productType = "com.apple.product-type.application";
		};
		9349ED1919074D1C0065C95D /* USStatesTests */ = {
			isa = PBXNativeTarget;
			buildConfigurationList = 9349ED2E19074D1C0065C95D /* Build configuration list for PBXNativeTarget "USStatesTests" */;
			buildPhases = (
				9349ED1619074D1C0065C95D /* Sources */,
				9349ED1719074D1C0065C95D /* Frameworks */,
				9349ED1819074D1C0065C95D /* Resources */,
			);
			buildRules = (
			);
			dependencies = (
				9349ED2019074D1C0065C95D /* PBXTargetDependency */,
			);
			name = USStatesTests;
			productName = USStatesTests;
			productReference = 9349ED1A19074D1C0065C95D /* USStatesTests.xctest */;
			productType = "com.apple.product-type.bundle.unit-test";
		};
/* End PBXNativeTarget section */

/* Begin PBXProject section */
		9349ECEB19074D1C0065C95D /* Project object */ = {
			isa = PBXProject;
			attributes = {
				LastUpgradeCheck = 0510;
				ORGANIZATIONNAME = "Aaron Zhou";
				TargetAttributes = {
					9349ED1919074D1C0065C95D = {
						TestTargetID = 9349ECF219074D1C0065C95D;
					};
				};
			};
			buildConfigurationList = 9349ECEE19074D1C0065C95D /* Build configuration list for PBXProject "USStates" */;
			compatibilityVersion = "Xcode 3.2";
			developmentRegion = English;
			hasScannedForEncodings = 0;
			knownRegions = (
				en,
				Base,
			);
			mainGroup = 9349ECEA19074D1C0065C95D;
			productRefGroup = 9349ECF419074D1C0065C95D /* Products */;
			projectDirPath = "";
			projectRoot = "";
			targets = (
				9349ECF219074D1C0065C95D /* USStates */,
				9349ED1919074D1C0065C95D /* USStatesTests */,
			);
		};
/* End PBXProject section */

/* Begin PBXResourcesBuildPhase section */
		9349ECF119074D1C0065C95D /* Resources */ = {
			isa = PBXResourcesBuildPhase;
			buildActionMask = 2147483647;
			files = (
				9349ED0D19074D1C0065C95D /* Main_iPad.storyboard in Resources */,
				9349ED1519074D1C0065C95D /* Images.xcassets in Resources */,
				9349ED0A19074D1C0065C95D /* Main_iPhone.storyboard in Resources */,
				9349ED0119074D1C0065C95D /* InfoPlist.strings in Resources */,
			);
			runOnlyForDeploymentPostprocessing = 0;
		};
		9349ED1819074D1C0065C95D /* Resources */ = {
			isa = PBXResourcesBuildPhase;
			buildActionMask = 2147483647;
			files = (
				9349ED2619074D1C0065C95D /* InfoPlist.strings in Resources */,
			);
			runOnlyForDeploymentPostprocessing = 0;
		};
/* End PBXResourcesBuildPhase section */

/* Begin PBXSourcesBuildPhase section */
		9349ECEF19074D1C0065C95D /* Sources */ = {
			isa = PBXSourcesBuildPhase;
			buildActionMask = 2147483647;
			files = (
				9349ED0719074D1C0065C95D /* AppDelegate.m in Sources */,
				9349ED1019074D1C0065C95D /* MasterViewController.m in Sources */,
				9349ED0319074D1C0065C95D /* main.m in Sources */,
				9349ED1319074D1C0065C95D /* DetailViewController.m in Sources */,
			);
			runOnlyForDeploymentPostprocessing = 0;
		};
		9349ED1619074D1C0065C95D /* Sources */ = {
			isa = PBXSourcesBuildPhase;
			buildActionMask = 2147483647;
			files = (
				9349ED2819074D1C0065C95D /* USStatesTests.m in Sources */,
			);
			runOnlyForDeploymentPostprocessing = 0;
		};
/* End PBXSourcesBuildPhase section */

/* Begin PBXTargetDependency section */
		9349ED2019074D1C0065C95D /* PBXTargetDependency */ = {
			isa = PBXTargetDependency;
			target = 9349ECF219074D1C0065C95D /* USStates */;
			targetProxy = 9349ED1F19074D1C0065C95D /* PBXContainerItemProxy */;
		};
/* End PBXTargetDependency section */

/* Begin PBXVariantGroup section */
		9349ECFF19074D1C0065C95D /* InfoPlist.strings */ = {
			isa = PBXVariantGroup;
			children = (
				9349ED0019074D1C0065C95D /* en */,
			);
			name = InfoPlist.strings;
			sourceTree = "<group>";
		};
		9349ED0819074D1C0065C95D /* Main_iPhone.storyboard */ = {
			isa = PBXVariantGroup;
			children = (
				9349ED0919074D1C0065C95D /* Base */,
			);
			name = Main_iPhone.storyboard;
			sourceTree = "<group>";
		};
		9349ED0B19074D1C0065C95D /* Main_iPad.storyboard */ = {
			isa = PBXVariantGroup;
			children = (
				9349ED0C19074D1C0065C95D /* Base */,
			);
			name = Main_iPad.storyboard;
			sourceTree = "<group>";
		};
		9349ED2419074D1C0065C95D /* InfoPlist.strings */ = {
			isa = PBXVariantGroup;
			children = (
				9349ED2519074D1C0065C95D /* en */,
			);
			name = InfoPlist.strings;
			sourceTree = "<group>";
		};
/* End PBXVariantGroup section */

/* Begin XCBuildConfiguration section */
		9349ED2919074D1C0065C95D /* Debug */ = {
			isa = XCBuildConfiguration;
			buildSettings = {
				ALWAYS_SEARCH_USER_PATHS = NO;
				CLANG_CXX_LANGUAGE_STANDARD = "gnu++0x";
				CLANG_CXX_LIBRARY = "libc++";
				CLANG_ENABLE_MODULES = YES;
				CLANG_ENABLE_OBJC_ARC = YES;
				CLANG_WARN_BOOL_CONVERSION = YES;
				CLANG_WARN_CONSTANT_CONVERSION = YES;
				CLANG_WARN_DIRECT_OBJC_ISA_USAGE = YES_ERROR;
				CLANG_WARN_EMPTY_BODY = YES;
				CLANG_WARN_ENUM_CONVERSION = YES;
				CLANG_WARN_INT_CONVERSION = YES;
				CLANG_WARN_OBJC_ROOT_CLASS = YES_ERROR;
				CLANG_WARN__DUPLICATE_METHOD_MATCH = YES;
				"CODE_SIGN_IDENTITY[sdk=iphoneos*]" = "iPhone Developer";
				COPY_PHASE_STRIP = NO;
				GCC_C_LANGUAGE_STANDARD = gnu99;
				GCC_DYNAMIC_NO_PIC = NO;
				GCC_OPTIMIZATION_LEVEL = 0;
				GCC_PREPROCESSOR_DEFINITIONS = (
					"DEBUG=1",
					"$(inherited)",
				);
				GCC_SYMBOLS_PRIVATE_EXTERN = NO;
				GCC_WARN_64_TO_32_BIT_CONVERSION = YES;
				GCC_WARN_ABOUT_RETURN_TYPE = YES_ERROR;
				GCC_WARN_UNDECLARED_SELECTOR = YES;
				GCC_WARN_UNINITIALIZED_AUTOS = YES_AGGRESSIVE;
				GCC_WARN_UNUSED_FUNCTION = YES;
				GCC_WARN_UNUSED_VARIABLE = YES;
				IPHONEOS_DEPLOYMENT_TARGET = 7.1;
				ONLY_ACTIVE_ARCH = YES;
				SDKROOT = iphoneos;
				TARGETED_DEVICE_FAMILY = "1,2";
			};
			name = Debug;
		};
		9349ED2A19074D1C0065C95D /* Release */ = {
			isa = XCBuildConfiguration;
			buildSettings = {
				ALWAYS_SEARCH_USER_PATHS = NO;
				CLANG_CXX_LANGUAGE_STANDARD = "gnu++0x";
				CLANG_CXX_LIBRARY = "libc++";
				CLANG_ENABLE_MODULES = YES;
				CLANG_ENABLE_OBJC_ARC = YES;
				CLANG_WARN_BOOL_CONVERSION = YES;
				CLANG_WARN_CONSTANT_CONVERSION = YES;
				CLANG_WARN_DIRECT_OBJC_ISA_USAGE = YES_ERROR;
				CLANG_WARN_EMPTY_BODY = YES;
				CLANG_WARN_ENUM_CONVERSION = YES;
				CLANG_WARN_INT_CONVERSION = YES;
				CLANG_WARN_OBJC_ROOT_CLASS = YES_ERROR;
				CLANG_WARN__DUPLICATE_METHOD_MATCH = YES;
				"CODE_SIGN_IDENTITY[sdk=iphoneos*]" = "iPhone Developer";
				COPY_PHASE_STRIP = YES;
				ENABLE_NS_ASSERTIONS = NO;
				GCC_C_LANGUAGE_STANDARD = gnu99;
				GCC_WARN_64_TO_32_BIT_CONVERSION = YES;
				GCC_WARN_ABOUT_RETURN_TYPE = YES_ERROR;
				GCC_WARN_UNDECLARED_SELECTOR = YES;
				GCC_WARN_UNINITIALIZED_AUTOS = YES_AGGRESSIVE;
				GCC_WARN_UNUSED_FUNCTION = YES;
				GCC_WARN_UNUSED_VARIABLE = YES;
				IPHONEOS_DEPLOYMENT_TARGET = 7.1;
				SDKROOT = iphoneos;
				TARGETED_DEVICE_FAMILY = "1,2";
				VALIDATE_PRODUCT = YES;
			};
			name = Release;
		};
		9349ED2C19074D1C0065C95D /* Debug */ = {
			isa = XCBuildConfiguration;
			buildSettings = {
				ASSETCATALOG_COMPILER_APPICON_NAME = AppIcon;
				ASSETCATALOG_COMPILER_LAUNCHIMAGE_NAME = LaunchImage;
				GCC_PRECOMPILE_PREFIX_HEADER = YES;
				GCC_PREFIX_HEADER = "USStates/USStates-Prefix.pch";
				INFOPLIST_FILE = "USStates/USStates-Info.plist";
				PRODUCT_NAME = "$(TARGET_NAME)";
				WRAPPER_EXTENSION = app;
			};
			name = Debug;
		};
		9349ED2D19074D1C0065C95D /* Release */ = {
			isa = XCBuildConfiguration;
			buildSettings = {
				ASSETCATALOG_COMPILER_APPICON_NAME = AppIcon;
				ASSETCATALOG_COMPILER_LAUNCHIMAGE_NAME = LaunchImage;
				GCC_PRECOMPILE_PREFIX_HEADER = YES;
				GCC_PREFIX_HEADER = "USStates/USStates-Prefix.pch";
				INFOPLIST_FILE = "USStates/USStates-Info.plist";
				PRODUCT_NAME = "$(TARGET_NAME)";
				WRAPPER_EXTENSION = app;
			};
			name = Release;
		};
		9349ED2F19074D1C0065C95D /* Debug */ = {
			isa = XCBuildConfiguration;
			buildSettings = {
				BUNDLE_LOADER = "$(BUILT_PRODUCTS_DIR)/USStates.app/USStates";
				FRAMEWORK_SEARCH_PATHS = (
					"$(SDKROOT)/Developer/Library/Frameworks",
					"$(inherited)",
					"$(DEVELOPER_FRAMEWORKS_DIR)",
				);
				GCC_PRECOMPILE_PREFIX_HEADER = YES;
				GCC_PREFIX_HEADER = "USStates/USStates-Prefix.pch";
				GCC_PREPROCESSOR_DEFINITIONS = (
					"DEBUG=1",
					"$(inherited)",
				);
				INFOPLIST_FILE = "USStatesTests/USStatesTests-Info.plist";
				PRODUCT_NAME = "$(TARGET_NAME)";
				TEST_HOST = "$(BUNDLE_LOADER)";
				WRAPPER_EXTENSION = xctest;
			};
			name = Debug;
		};
		9349ED3019074D1C0065C95D /* Release */ = {
			isa = XCBuildConfiguration;
			buildSettings = {
				BUNDLE_LOADER = "$(BUILT_PRODUCTS_DIR)/USStates.app/USStates";
				FRAMEWORK_SEARCH_PATHS = (
					"$(SDKROOT)/Developer/Library/Frameworks",
					"$(inherited)",
					"$(DEVELOPER_FRAMEWORKS_DIR)",
				);
				GCC_PRECOMPILE_PREFIX_HEADER = YES;
				GCC_PREFIX_HEADER = "USStates/USStates-Prefix.pch";
				INFOPLIST_FILE = "USStatesTests/USStatesTests-Info.plist";
				PRODUCT_NAME = "$(TARGET_NAME)";
				TEST_HOST = "$(BUNDLE_LOADER)";
				WRAPPER_EXTENSION = xctest;
			};
			name = Release;
		};
/* End XCBuildConfiguration section */

/* Begin XCConfigurationList section */
		9349ECEE19074D1C0065C95D /* Build configuration list for PBXProject "USStates" */ = {
			isa = XCConfigurationList;
			buildConfigurations = (
				9349ED2919074D1C0065C95D /* Debug */,
				9349ED2A19074D1C0065C95D /* Release */,
			);
			defaultConfigurationIsVisible = 0;
			defaultConfigurationName = Release;
		};
		9349ED2B19074D1C0065C95D /* Build configuration list for PBXNativeTarget "USStates" */ = {
			isa = XCConfigurationList;
			buildConfigurations = (
				9349ED2C19074D1C0065C95D /* Debug */,
				9349ED2D19074D1C0065C95D /* Release */,
			);
			defaultConfigurationIsVisible = 0;
		};
		9349ED2E19074D1C0065C95D /* Build configuration list for PBXNativeTarget "USStatesTests" */ = {
			isa = XCConfigurationList;
			buildConfigurations = (
				9349ED2F19074D1C0065C95D /* Debug */,
				9349ED3019074D1C0065C95D /* Release */,
			);
			defaultConfigurationIsVisible = 0;
		};
/* End XCConfigurationList section */
	};
	rootObject = 9349ECEB19074D1C0065C95D /* Project object */;
}
